
Microsoft Visual Studio Solution File, Format Version 12.00
# Visual Studio 15
VisualStudioVersion = 15.0.28307.1525
MinimumVisualStudioVersion = 10.0.40219.1
Project("{FAE04EC0-301F-11D3-BF4B-00C04F79EFBC}") = "large", "large\large.csproj", "{439D4293-785B-40A1-A655-B014252EC15D}"
EndProject
Global
	GlobalSection(SolutionConfigurationPlatforms) = preSolution
		Debug|Any CPU = Debug|Any CPU
		Release|Any CPU = Release|Any CPU
	EndGlobalSection
	GlobalSection(ProjectConfigurationPlatforms) = postSolution
		{439D4293-785B-40A1-A655-B014252EC15D}.Debug|Any CPU.ActiveCfg = Debug|Any CPU
		{439D4293-785B-40A1-A655-B014252EC15D}.Debug|Any CPU.Build.0 = Debug|Any CPU
		{439D4293-785B-40A1-A655-B014252EC15D}.Release|Any CPU.ActiveCfg = Release|Any CPU
		{439D4293-785B-40A1-A655-B014252EC15D}.Release|Any CPU.Build.0 = Release|Any CPU
	EndGlobalSection
	GlobalSection(SolutionProperties) = preSolution
		HideSolutionNode = FALSE
	EndGlobalSection
	GlobalSection(ExtensibilityGlobals) = postSolution
		SolutionGuid = {B3DC653F-0909-42D6-8440-52D7BCD170D2}
	EndGlobalSection
EndGlobal
